
Microsoft Visual Studio Solution File, Format Version 12.00
# Visual Studio Version 17
VisualStudioVersion = 17.3.32825.248
MinimumVisualStudioVersion = 10.0.40219.1
Project("{FAE04EC0-301F-11D3-BF4B-00C04F79EFBC}") = "ATMSoftware", "ATMSoftware\ATMSoftware.csproj", "{97FF4073-38D7-4530-95E8-7FE806B1AEA8}"
EndProject
Global
	GlobalSection(SolutionConfigurationPlatforms) = preSolution
		Debug|Any CPU = Debug|Any CPU
		Release|Any CPU = Release|Any CPU
	EndGlobalSection
	GlobalSection(ProjectConfigurationPlatforms) = postSolution
		{97FF4073-38D7-4530-95E8-7FE806B1AEA8}.Debug|Any CPU.ActiveCfg = Debug|Any CPU
		{97FF4073-38D7-4530-95E8-7FE806B1AEA8}.Debug|Any CPU.Build.0 = Debug|Any CPU
		{97FF4073-38D7-4530-95E8-7FE806B1AEA8}.Release|Any CPU.ActiveCfg = Release|Any CPU
		{97FF4073-38D7-4530-95E8-7FE806B1AEA8}.Release|Any CPU.Build.0 = Release|Any CPU
	EndGlobalSection
	GlobalSection(SolutionProperties) = preSolution
		HideSolutionNode = FALSE
	EndGlobalSection
	GlobalSection(ExtensibilityGlobals) = postSolution
		SolutionGuid = {828AD8A4-52AC-45BF-B3D1-72E5257205A1}
	EndGlobalSection
EndGlobal
